
Microsoft Visual Studio Solution File, Format Version 12.00
# Visual Studio 15
VisualStudioVersion = 15.0.28307.572
MinimumVisualStudioVersion = 10.0.40219.1
Project("{2150E333-8FDC-42A3-9474-1A3956D46DE8}") = "1.SingleResponsibility", "1.SingleResponsibility", "{D6026ABE-0F98-40D8-941A-8FEDEFA2B57A}"
EndProject
Project("{FAE04EC0-301F-11D3-BF4B-00C04F79EFBC}") = "SingleResponsibility", "SingleResponsibility\SingleResponsibility.csproj", "{B342B688-8EC0-417F-A36B-AC86653BE346}"
EndProject
Global
	GlobalSection(SolutionConfigurationPlatforms) = preSolution
		Debug|Any CPU = Debug|Any CPU
		Release|Any CPU = Release|Any CPU
	EndGlobalSection
	GlobalSection(ProjectConfigurationPlatforms) = postSolution
		{B342B688-8EC0-417F-A36B-AC86653BE346}.Debug|Any CPU.ActiveCfg = Debug|Any CPU
		{B342B688-8EC0-417F-A36B-AC86653BE346}.Debug|Any CPU.Build.0 = Debug|Any CPU
		{B342B688-8EC0-417F-A36B-AC86653BE346}.Release|Any CPU.ActiveCfg = Release|Any CPU
		{B342B688-8EC0-417F-A36B-AC86653BE346}.Release|Any CPU.Build.0 = Release|Any CPU
	EndGlobalSection
	GlobalSection(SolutionProperties) = preSolution
		HideSolutionNode = FALSE
	EndGlobalSection
	GlobalSection(NestedProjects) = preSolution
		{B342B688-8EC0-417F-A36B-AC86653BE346} = {D6026ABE-0F98-40D8-941A-8FEDEFA2B57A}
	EndGlobalSection
	GlobalSection(ExtensibilityGlobals) = postSolution
		SolutionGuid = {317B146B-CEA6-4C2D-999F-C900D773D5A3}
	EndGlobalSection
EndGlobal
